
Microsoft Visual Studio Solution File, Format Version 12.00
# Visual Studio 15
VisualStudioVersion = 15.0.27703.2026
MinimumVisualStudioVersion = 10.0.40219.1
Project("{FAE04EC0-301F-11D3-BF4B-00C04F79EFBC}") = "Poo", "Poo\Poo.csproj", "{6A4F3629-A925-46E4-B279-AC1B47E1FEAF}"
EndProject
Global
	GlobalSection(SolutionConfigurationPlatforms) = preSolution
		Debug|Any CPU = Debug|Any CPU
		Release|Any CPU = Release|Any CPU
	EndGlobalSection
	GlobalSection(ProjectConfigurationPlatforms) = postSolution
		{6A4F3629-A925-46E4-B279-AC1B47E1FEAF}.Debug|Any CPU.ActiveCfg = Debug|Any CPU
		{6A4F3629-A925-46E4-B279-AC1B47E1FEAF}.Debug|Any CPU.Build.0 = Debug|Any CPU
		{6A4F3629-A925-46E4-B279-AC1B47E1FEAF}.Release|Any CPU.ActiveCfg = Release|Any CPU
		{6A4F3629-A925-46E4-B279-AC1B47E1FEAF}.Release|Any CPU.Build.0 = Release|Any CPU
	EndGlobalSection
	GlobalSection(SolutionProperties) = preSolution
		HideSolutionNode = FALSE
	EndGlobalSection
	GlobalSection(ExtensibilityGlobals) = postSolution
		SolutionGuid = {EE6C870C-80F1-408B-BB57-39BE15657A87}
	EndGlobalSection
EndGlobal
